// !$*UTF8*$!
{
	archiveVersion = 1;
	classes = {
	};
	objectVersion = 46;
	objects = {

/* Begin PBXBuildFile section */
		1863A6911BCDDEE900F7B2D4 /* AppDelegate.swift in Sources */ = {isa = PBXBuildFile; fileRef = 1863A6901BCDDEE900F7B2D4 /* AppDelegate.swift */; };
		1863A6931BCDDEE900F7B2D4 /* ViewController.swift in Sources */ = {isa = PBXBuildFile; fileRef = 1863A6921BCDDEE900F7B2D4 /* ViewController.swift */; };
		1863A6961BCDDEE900F7B2D4 /* Main.storyboard in Resources */ = {isa = PBXBuildFile; fileRef = 1863A6941BCDDEE900F7B2D4 /* Main.storyboard */; };
		1863A6981BCDDEE900F7B2D4 /* Assets.xcassets in Resources */ = {isa = PBXBuildFile; fileRef = 1863A6971BCDDEE900F7B2D4 /* Assets.xcassets */; };
		1863A69B1BCDDEE900F7B2D4 /* LaunchScreen.storyboard in Resources */ = {isa = PBXBuildFile; fileRef = 1863A6991BCDDEE900F7B2D4 /* LaunchScreen.storyboard */; };
		1863A6A61BCDDEE900F7B2D4 /* dropbox_w1Tests.swift in Sources */ = {isa = PBXBuildFile; fileRef = 1863A6A51BCDDEE900F7B2D4 /* dropbox_w1Tests.swift */; };
		1863A6B11BCDDEE900F7B2D4 /* dropbox_w1UITests.swift in Sources */ = {isa = PBXBuildFile; fileRef = 1863A6B01BCDDEE900F7B2D4 /* dropbox_w1UITests.swift */; };
/* End PBXBuildFile section */

/* Begin PBXContainerItemProxy section */
		1863A6A21BCDDEE900F7B2D4 /* PBXContainerItemProxy */ = {
			isa = PBXContainerItemProxy;
			containerPortal = 1863A6851BCDDEE900F7B2D4 /* Project object */;
			proxyType = 1;
			remoteGlobalIDString = 1863A68C1BCDDEE900F7B2D4;
			remoteInfo = "dropbox-w1";
		};
		1863A6AD1BCDDEE900F7B2D4 /* PBXContainerItemProxy */ = {
			isa = PBXContainerItemProxy;
			containerPortal = 1863A6851BCDDEE900F7B2D4 /* Project object */;
			proxyType = 1;
			remoteGlobalIDString = 1863A68C1BCDDEE900F7B2D4;
			remoteInfo = "dropbox-w1";
		};
/* End PBXContainerItemProxy section */

/* Begin PBXFileReference section */
		1863A68D1BCDDEE900F7B2D4 /* dropbox-w1.app */ = {isa = PBXFileReference; explicitFileType = wrapper.application; includeInIndex = 0; path = "dropbox-w1.app"; sourceTree = BUILT_PRODUCTS_DIR; };
		1863A6901BCDDEE900F7B2D4 /* AppDelegate.swift */ = {isa = PBXFileReference; lastKnownFileType = sourcecode.swift; path = AppDelegate.swift; sourceTree = "<group>"; };
		1863A6921BCDDEE900F7B2D4 /* ViewController.swift */ = {isa = PBXFileReference; lastKnownFileType = sourcecode.swift; path = ViewController.swift; sourceTree = "<group>"; };
		1863A6951BCDDEE900F7B2D4 /* Base */ = {isa = PBXFileReference; lastKnownFileType = file.storyboard; name = Base; path = Base.lproj/Main.storyboard; sourceTree = "<group>"; };
		1863A6971BCDDEE900F7B2D4 /* Assets.xcassets */ = {isa = PBXFileReference; lastKnownFileType = folder.assetcatalog; path = Assets.xcassets; sourceTree = "<group>"; };
		1863A69A1BCDDEE900F7B2D4 /* Base */ = {isa = PBXFileReference; lastKnownFileType = file.storyboard; name = Base; path = Base.lproj/LaunchScreen.storyboard; sourceTree = "<group>"; };
		1863A69C1BCDDEE900F7B2D4 /* Info.plist */ = {isa = PBXFileReference; lastKnownFileType = text.plist.xml; path = Info.plist; sourceTree = "<group>"; };
		1863A6A11BCDDEE900F7B2D4 /* dropbox-w1Tests.xctest */ = {isa = PBXFileReference; explicitFileType = wrapper.cfbundle; includeInIndex = 0; path = "dropbox-w1Tests.xctest"; sourceTree = BUILT_PRODUCTS_DIR; };
		1863A6A51BCDDEE900F7B2D4 /* dropbox_w1Tests.swift */ = {isa = PBXFileReference; lastKnownFileType = sourcecode.swift; path = dropbox_w1Tests.swift; sourceTree = "<group>"; };
		1863A6A71BCDDEE900F7B2D4 /* Info.plist */ = {isa = PBXFileReference; lastKnownFileType = text.plist.xml; path = Info.plist; sourceTree = "<group>"; };
		1863A6AC1BCDDEE900F7B2D4 /* dropbox-w1UITests.xctest */ = {isa = PBXFileReference; explicitFileType = wrapper.cfbundle; includeInIndex = 0; path = "dropbox-w1UITests.xctest"; sourceTree = BUILT_PRODUCTS_DIR; };
		1863A6B01BCDDEE900F7B2D4 /* dropbox_w1UITests.swift */ = {isa = PBXFileReference; lastKnownFileType = sourcecode.swift; path = dropbox_w1UITests.swift; sourceTree = "<group>"; };
		1863A6B21BCDDEE900F7B2D4 /* Info.plist */ = {isa = PBXFileReference; lastKnownFileType = text.plist.xml; path = Info.plist; sourceTree = "<group>"; };
/* End PBXFileReference section */

/* Begin PBXFrameworksBuildPhase section */
		1863A68A1BCDDEE900F7B2D4 /* Frameworks */ = {
			isa = PBXFrameworksBuildPhase;
			buildActionMask = 2147483647;
			files = (
			);
			runOnlyForDeploymentPostprocessing = 0;
		};
		1863A69E1BCDDEE900F7B2D4 /* Frameworks */ = {
			isa = PBXFrameworksBuildPhase;
			buildActionMask = 2147483647;
			files = (
			);
			runOnlyForDeploymentPostprocessing = 0;
		};
		1863A6A91BCDDEE900F7B2D4 /* Frameworks */ = {
			isa = PBXFrameworksBuildPhase;
			buildActionMask = 2147483647;
			files = (
			);
			runOnlyForDeploymentPostprocessing = 0;
		};
/* End PBXFrameworksBuildPhase section */

/* Begin PBXGroup section */
		1863A6841BCDDEE900F7B2D4 = {
			isa = PBXGroup;
			children = (
				1863A68F1BCDDEE900F7B2D4 /* dropbox-w1 */,
				1863A6A41BCDDEE900F7B2D4 /* dropbox-w1Tests */,
				1863A6AF1BCDDEE900F7B2D4 /* dropbox-w1UITests */,
				1863A68E1BCDDEE900F7B2D4 /* Products */,
			);
			sourceTree = "<group>";
		};
		1863A68E1BCDDEE900F7B2D4 /* Products */ = {
			isa = PBXGroup;
			children = (
				1863A68D1BCDDEE900F7B2D4 /* dropbox-w1.app */,
				1863A6A11BCDDEE900F7B2D4 /* dropbox-w1Tests.xctest */,
				1863A6AC1BCDDEE900F7B2D4 /* dropbox-w1UITests.xctest */,
			);
			name = Products;
			sourceTree = "<group>";
		};
		1863A68F1BCDDEE900F7B2D4 /* dropbox-w1 */ = {
			isa = PBXGroup;
			children = (
				1863A6901BCDDEE900F7B2D4 /* AppDelegate.swift */,
				1863A6921BCDDEE900F7B2D4 /* ViewController.swift */,
				1863A6941BCDDEE900F7B2D4 /* Main.storyboard */,
				1863A6971BCDDEE900F7B2D4 /* Assets.xcassets */,
				1863A6991BCDDEE900F7B2D4 /* LaunchScreen.storyboard */,
				1863A69C1BCDDEE900F7B2D4 /* Info.plist */,
			);
			path = "dropbox-w1";
			sourceTree = "<group>";
		};
		1863A6A41BCDDEE900F7B2D4 /* dropbox-w1Tests */ = {
			isa = PBXGroup;
			children = (
				1863A6A51BCDDEE900F7B2D4 /* dropbox_w1Tests.swift */,
				1863A6A71BCDDEE900F7B2D4 /* Info.plist */,
			);
			path = "dropbox-w1Tests";
			sourceTree = "<group>";
		};
		1863A6AF1BCDDEE900F7B2D4 /* dropbox-w1UITests */ = {
			isa = PBXGroup;
			children = (
				1863A6B01BCDDEE900F7B2D4 /* dropbox_w1UITests.swift */,
				1863A6B21BCDDEE900F7B2D4 /* Info.plist */,
			);
			path = "dropbox-w1UITests";
			sourceTree = "<group>";
		};
/* End PBXGroup section */

/* Begin PBXNativeTarget section */
		1863A68C1BCDDEE900F7B2D4 /* dropbox-w1 */ = {
			isa = PBXNativeTarget;
			buildConfigurationList = 1863A6B51BCDDEE900F7B2D4 /* Build configuration list for PBXNativeTarget "dropbox-w1" */;
			buildPhases = (
				1863A6891BCDDEE900F7B2D4 /* Sources */,
				1863A68A1BCDDEE900F7B2D4 /* Frameworks */,
				1863A68B1BCDDEE900F7B2D4 /* Resources */,
			);
			buildRules = (
			);
			dependencies = (
			);
			name = "dropbox-w1";
			productName = "dropbox-w1";
			productReference = 1863A68D1BCDDEE900F7B2D4 /* dropbox-w1.app */;
			productType = "com.apple.product-type.application";
		};
		1863A6A01BCDDEE900F7B2D4 /* dropbox-w1Tests */ = {
			isa = PBXNativeTarget;
			buildConfigurationList = 1863A6B81BCDDEE900F7B2D4 /* Build configuration list for PBXNativeTarget "dropbox-w1Tests" */;
			buildPhases = (
				1863A69D1BCDDEE900F7B2D4 /* Sources */,
				1863A69E1BCDDEE900F7B2D4 /* Frameworks */,
				1863A69F1BCDDEE900F7B2D4 /* Resources */,
			);
			buildRules = (
			);
			dependencies = (
				1863A6A31BCDDEE900F7B2D4 /* PBXTargetDependency */,
			);
			name = "dropbox-w1Tests";
			productName = "dropbox-w1Tests";
			productReference = 1863A6A11BCDDEE900F7B2D4 /* dropbox-w1Tests.xctest */;
			productType = "com.apple.product-type.bundle.unit-test";
		};
		1863A6AB1BCDDEE900F7B2D4 /* dropbox-w1UITests */ = {
			isa = PBXNativeTarget;
			buildConfigurationList = 1863A6BB1BCDDEE900F7B2D4 /* Build configuration list for PBXNativeTarget "dropbox-w1UITests" */;
			buildPhases = (
				1863A6A81BCDDEE900F7B2D4 /* Sources */,
				1863A6A91BCDDEE900F7B2D4 /* Frameworks */,
				1863A6AA1BCDDEE900F7B2D4 /* Resources */,
			);
			buildRules = (
			);
			dependencies = (
				1863A6AE1BCDDEE900F7B2D4 /* PBXTargetDependency */,
			);
			name = "dropbox-w1UITests";
			productName = "dropbox-w1UITests";
			productReference = 1863A6AC1BCDDEE900F7B2D4 /* dropbox-w1UITests.xctest */;
			productType = "com.apple.product-type.bundle.ui-testing";
		};
/* End PBXNativeTarget section */

/* Begin PBXProject section */
		1863A6851BCDDEE900F7B2D4 /* Project object */ = {
			isa = PBXProject;
			attributes = {
				LastUpgradeCheck = 0700;
				ORGANIZATIONNAME = walmart;
				TargetAttributes = {
					1863A68C1BCDDEE900F7B2D4 = {
						CreatedOnToolsVersion = 7.0.1;
						DevelopmentTeam = 96Z3EWG6N3;
					};
					1863A6A01BCDDEE900F7B2D4 = {
						CreatedOnToolsVersion = 7.0.1;
						DevelopmentTeam = 96Z3EWG6N3;
						TestTargetID = 1863A68C1BCDDEE900F7B2D4;
					};
					1863A6AB1BCDDEE900F7B2D4 = {
						CreatedOnToolsVersion = 7.0.1;
						DevelopmentTeam = 96Z3EWG6N3;
						TestTargetID = 1863A68C1BCDDEE900F7B2D4;
					};
				};
			};
			buildConfigurationList = 1863A6881BCDDEE900F7B2D4 /* Build configuration list for PBXProject "dropbox-w1" */;
			compatibilityVersion = "Xcode 3.2";
			developmentRegion = English;
			hasScannedForEncodings = 0;
			knownRegions = (
				en,
				Base,
			);
			mainGroup = 1863A6841BCDDEE900F7B2D4;
			productRefGroup = 1863A68E1BCDDEE900F7B2D4 /* Products */;
			projectDirPath = "";
			projectRoot = "";
			targets = (
				1863A68C1BCDDEE900F7B2D4 /* dropbox-w1 */,
				1863A6A01BCDDEE900F7B2D4 /* dropbox-w1Tests */,
				1863A6AB1BCDDEE900F7B2D4 /* dropbox-w1UITests */,
			);
		};
/* End PBXProject section */

/* Begin PBXResourcesBuildPhase section */
		1863A68B1BCDDEE900F7B2D4 /* Resources */ = {
			isa = PBXResourcesBuildPhase;
			buildActionMask = 2147483647;
			files = (
				1863A69B1BCDDEE900F7B2D4 /* LaunchScreen.storyboard in Resources */,
				1863A6981BCDDEE900F7B2D4 /* Assets.xcassets in Resources */,
				1863A6961BCDDEE900F7B2D4 /* Main.storyboard in Resources */,
			);
			runOnlyForDeploymentPostprocessing = 0;
		};
		1863A69F1BCDDEE900F7B2D4 /* Resources */ = {
			isa = PBXResourcesBuildPhase;
			buildActionMask = 2147483647;
			files = (
			);
			runOnlyForDeploymentPostprocessing = 0;
		};
		1863A6AA1BCDDEE900F7B2D4 /* Resources */ = {
			isa = PBXResourcesBuildPhase;
			buildActionMask = 2147483647;
			files = (
			);
			runOnlyForDeploymentPostprocessing = 0;
		};
/* End PBXResourcesBuildPhase section */

/* Begin PBXSourcesBuildPhase section */
		1863A6891BCDDEE900F7B2D4 /* Sources */ = {
			isa = PBXSourcesBuildPhase;
			buildActionMask = 2147483647;
			files = (
				1863A6931BCDDEE900F7B2D4 /* ViewController.swift in Sources */,
				1863A6911BCDDEE900F7B2D4 /* AppDelegate.swift in Sources */,
			);
			runOnlyForDeploymentPostprocessing = 0;
		};
		1863A69D1BCDDEE900F7B2D4 /* Sources */ = {
			isa = PBXSourcesBuildPhase;
			buildActionMask = 2147483647;
			files = (
				1863A6A61BCDDEE900F7B2D4 /* dropbox_w1Tests.swift in Sources */,
			);
			runOnlyForDeploymentPostprocessing = 0;
		};
		1863A6A81BCDDEE900F7B2D4 /* Sources */ = {
			isa = PBXSourcesBuildPhase;
			buildActionMask = 2147483647;
			files = (
				1863A6B11BCDDEE900F7B2D4 /* dropbox_w1UITests.swift in Sources */,
			);
			runOnlyForDeploymentPostprocessing = 0;
		};
/* End PBXSourcesBuildPhase section */

/* Begin PBXTargetDependency section */
		1863A6A31BCDDEE900F7B2D4 /* PBXTargetDependency */ = {
			isa = PBXTargetDependency;
			target = 1863A68C1BCDDEE900F7B2D4 /* dropbox-w1 */;
			targetProxy = 1863A6A21BCDDEE900F7B2D4 /* PBXContainerItemProxy */;
		};
		1863A6AE1BCDDEE900F7B2D4 /* PBXTargetDependency */ = {
			isa = PBXTargetDependency;
			target = 1863A68C1BCDDEE900F7B2D4 /* dropbox-w1 */;
			targetProxy = 1863A6AD1BCDDEE900F7B2D4 /* PBXContainerItemProxy */;
		};
/* End PBXTargetDependency section */

/* Begin PBXVariantGroup section */
		1863A6941BCDDEE900F7B2D4 /* Main.storyboard */ = {
			isa = PBXVariantGroup;
			children = (
				1863A6951BCDDEE900F7B2D4 /* Base */,
			);
			name = Main.storyboard;
			sourceTree = "<group>";
		};
		1863A6991BCDDEE900F7B2D4 /* LaunchScreen.storyboard */ = {
			isa = PBXVariantGroup;
			children = (
				1863A69A1BCDDEE900F7B2D4 /* Base */,
			);
			name = LaunchScreen.storyboard;
			sourceTree = "<group>";
		};
/* End PBXVariantGroup section */

/* Begin XCBuildConfiguration section */
		1863A6B31BCDDEE900F7B2D4 /* Debug */ = {
			isa = XCBuildConfiguration;
			buildSettings = {
				ALWAYS_SEARCH_USER_PATHS = NO;
				CLANG_CXX_LANGUAGE_STANDARD = "gnu++0x";
				CLANG_CXX_LIBRARY = "libc++";
				CLANG_ENABLE_MODULES = YES;
				CLANG_ENABLE_OBJC_ARC = YES;
				CLANG_WARN_BOOL_CONVERSION = YES;
				CLANG_WARN_CONSTANT_CONVERSION = YES;
				CLANG_WARN_DIRECT_OBJC_ISA_USAGE = YES_ERROR;
				CLANG_WARN_EMPTY_BODY = YES;
				CLANG_WARN_ENUM_CONVERSION = YES;
				CLANG_WARN_INT_CONVERSION = YES;
				CLANG_WARN_OBJC_ROOT_CLASS = YES_ERROR;
				CLANG_WARN_UNREACHABLE_CODE = YES;
				CLANG_WARN__DUPLICATE_METHOD_MATCH = YES;
				"CODE_SIGN_IDENTITY[sdk=iphoneos*]" = "iPhone Developer";
				COPY_PHASE_STRIP = NO;
				DEBUG_INFORMATION_FORMAT = dwarf;
				ENABLE_STRICT_OBJC_MSGSEND = YES;
				ENABLE_TESTABILITY = YES;
				GCC_C_LANGUAGE_STANDARD = gnu99;
				GCC_DYNAMIC_NO_PIC = NO;
				GCC_NO_COMMON_BLOCKS = YES;
				GCC_OPTIMIZATION_LEVEL = 0;
				GCC_PREPROCESSOR_DEFINITIONS = (
					"DEBUG=1",
					"$(inherited)",
				);
				GCC_WARN_64_TO_32_BIT_CONVERSION = YES;
				GCC_WARN_ABOUT_RETURN_TYPE = YES_ERROR;
				GCC_WARN_UNDECLARED_SELECTOR = YES;
				GCC_WARN_UNINITIALIZED_AUTOS = YES_AGGRESSIVE;
				GCC_WARN_UNUSED_FUNCTION = YES;
				GCC_WARN_UNUSED_VARIABLE = YES;
				IPHONEOS_DEPLOYMENT_TARGET = 9.0;
				MTL_ENABLE_DEBUG_INFO = YES;
				ONLY_ACTIVE_ARCH = YES;
				SDKROOT = iphoneos;
				SWIFT_OPTIMIZATION_LEVEL = "-Onone";
			};
			name = Debug;
		};
		1863A6B41BCDDEE900F7B2D4 /* Release */ = {
			isa = XCBuildConfiguration;
			buildSettings = {
				ALWAYS_SEARCH_USER_PATHS = NO;
				CLANG_CXX_LANGUAGE_STANDARD = "gnu++0x";
				CLANG_CXX_LIBRARY = "libc++";
				CLANG_ENABLE_MODULES = YES;
				CLANG_ENABLE_OBJC_ARC = YES;
				CLANG_WARN_BOOL_CONVERSION = YES;
				CLANG_WARN_CONSTANT_CONVERSION = YES;
				CLANG_WARN_DIRECT_OBJC_ISA_USAGE = YES_ERROR;
				CLANG_WARN_EMPTY_BODY = YES;
				CLANG_WARN_ENUM_CONVERSION = YES;
				CLANG_WARN_INT_CONVERSION = YES;
				CLANG_WARN_OBJC_ROOT_CLASS = YES_ERROR;
				CLANG_WARN_UNREACHABLE_CODE = YES;
				CLANG_WARN__DUPLICATE_METHOD_MATCH = YES;
				"CODE_SIGN_IDENTITY[sdk=iphoneos*]" = "iPhone Developer";
				COPY_PHASE_STRIP = NO;
				DEBUG_INFORMATION_FORMAT = "dwarf-with-dsym";
				ENABLE_NS_ASSERTIONS = NO;
				ENABLE_STRICT_OBJC_MSGSEND = YES;
				GCC_C_LANGUAGE_STANDARD = gnu99;
				GCC_NO_COMMON_BLOCKS = YES;
				GCC_WARN_64_TO_32_BIT_CONVERSION = YES;
				GCC_WARN_ABOUT_RETURN_TYPE = YES_ERROR;
				GCC_WARN_UNDECLARED_SELECTOR = YES;
				GCC_WARN_UNINITIALIZED_AUTOS = YES_AGGRESSIVE;
				GCC_WARN_UNUSED_FUNCTION = YES;
				GCC_WARN_UNUSED_VARIABLE = YES;
				IPHONEOS_DEPLOYMENT_TARGET = 9.0;
				MTL_ENABLE_DEBUG_INFO = NO;
				SDKROOT = iphoneos;
				VALIDATE_PRODUCT = YES;
			};
			name = Release;
		};
		1863A6B61BCDDEE900F7B2D4 /* Debug */ = {
			isa = XCBuildConfiguration;
			buildSettings = {
				ASSETCATALOG_COMPILER_APPICON_NAME = AppIcon;
				INFOPLIST_FILE = "dropbox-w1/Info.plist";
				LD_RUNPATH_SEARCH_PATHS = "$(inherited) @executable_path/Frameworks";
				PRODUCT_BUNDLE_IDENTIFIER = "com.walmart.dropbox-w1";
				PRODUCT_NAME = "$(TARGET_NAME)";
			};
			name = Debug;
		};
		1863A6B71BCDDEE900F7B2D4 /* Release */ = {
			isa = XCBuildConfiguration;
			buildSettings = {
				ASSETCATALOG_COMPILER_APPICON_NAME = AppIcon;
				INFOPLIST_FILE = "dropbox-w1/Info.plist";
				LD_RUNPATH_SEARCH_PATHS = "$(inherited) @executable_path/Frameworks";
				PRODUCT_BUNDLE_IDENTIFIER = "com.walmart.dropbox-w1";
				PRODUCT_NAME = "$(TARGET_NAME)";
			};
			name = Release;
		};
		1863A6B91BCDDEE900F7B2D4 /* Debug */ = {
			isa = XCBuildConfiguration;
			buildSettings = {
				BUNDLE_LOADER = "$(TEST_HOST)";
				INFOPLIST_FILE = "dropbox-w1Tests/Info.plist";
				LD_RUNPATH_SEARCH_PATHS = "$(inherited) @executable_path/Frameworks @loader_path/Frameworks";
				PRODUCT_BUNDLE_IDENTIFIER = "com.walmart.dropbox-w1Tests";
				PRODUCT_NAME = "$(TARGET_NAME)";
				TEST_HOST = "$(BUILT_PRODUCTS_DIR)/dropbox-w1.app/dropbox-w1";
			};
			name = Debug;
		};
		1863A6BA1BCDDEE900F7B2D4 /* Release */ = {
			isa = XCBuildConfiguration;
			buildSettings = {
				BUNDLE_LOADER = "$(TEST_HOST)";
				INFOPLIST_FILE = "dropbox-w1Tests/Info.plist";
				LD_RUNPATH_SEARCH_PATHS = "$(inherited) @executable_path/Frameworks @loader_path/Frameworks";
				PRODUCT_BUNDLE_IDENTIFIER = "com.walmart.dropbox-w1Tests";
				PRODUCT_NAME = "$(TARGET_NAME)";
				TEST_HOST = "$(BUILT_PRODUCTS_DIR)/dropbox-w1.app/dropbox-w1";
			};
			name = Release;
		};
		1863A6BC1BCDDEE900F7B2D4 /* Debug */ = {
			isa = XCBuildConfiguration;
			buildSettings = {
				INFOPLIST_FILE = "dropbox-w1UITests/Info.plist";
				LD_RUNPATH_SEARCH_PATHS = "$(inherited) @executable_path/Frameworks @loader_path/Frameworks";
				PRODUCT_BUNDLE_IDENTIFIER = "com.walmart.dropbox-w1UITests";
				PRODUCT_NAME = "$(TARGET_NAME)";
				TEST_TARGET_NAME = "dropbox-w1";
				USES_XCTRUNNER = YES;
			};
			name = Debug;
		};
		1863A6BD1BCDDEE900F7B2D4 /* Release */ = {
			isa = XCBuildConfiguration;
			buildSettings = {
				INFOPLIST_FILE = "dropbox-w1UITests/Info.plist";
				LD_RUNPATH_SEARCH_PATHS = "$(inherited) @executable_path/Frameworks @loader_path/Frameworks";
				PRODUCT_BUNDLE_IDENTIFIER = "com.walmart.dropbox-w1UITests";
				PRODUCT_NAME = "$(TARGET_NAME)";
				TEST_TARGET_NAME = "dropbox-w1";
				USES_XCTRUNNER = YES;
			};
			name = Release;
		};
/* End XCBuildConfiguration section */

/* Begin XCConfigurationList section */
		1863A6881BCDDEE900F7B2D4 /* Build configuration list for PBXProject "dropbox-w1" */ = {
			isa = XCConfigurationList;
			buildConfigurations = (
				1863A6B31BCDDEE900F7B2D4 /* Debug */,
				1863A6B41BCDDEE900F7B2D4 /* Release */,
			);
			defaultConfigurationIsVisible = 0;
			defaultConfigurationName = Release;
		};
		1863A6B51BCDDEE900F7B2D4 /* Build configuration list for PBXNativeTarget "dropbox-w1" */ = {
			isa = XCConfigurationList;
			buildConfigurations = (
				1863A6B61BCDDEE900F7B2D4 /* Debug */,
				1863A6B71BCDDEE900F7B2D4 /* Release */,
			);
			defaultConfigurationIsVisible = 0;
		};
		1863A6B81BCDDEE900F7B2D4 /* Build configuration list for PBXNativeTarget "dropbox-w1Tests" */ = {
			isa = XCConfigurationList;
			buildConfigurations = (
				1863A6B91BCDDEE900F7B2D4 /* Debug */,
				1863A6BA1BCDDEE900F7B2D4 /* Release */,
			);
			defaultConfigurationIsVisible = 0;
		};
		1863A6BB1BCDDEE900F7B2D4 /* Build configuration list for PBXNativeTarget "dropbox-w1UITests" */ = {
			isa = XCConfigurationList;
			buildConfigurations = (
				1863A6BC1BCDDEE900F7B2D4 /* Debug */,
				1863A6BD1BCDDEE900F7B2D4 /* Release */,
			);
			defaultConfigurationIsVisible = 0;
		};
/* End XCConfigurationList section */
	};
	rootObject = 1863A6851BCDDEE900F7B2D4 /* Project object */;
}
